Microsoft Visual Studio Solution File, Format Version 12.00
# Visual Studio Version 17
VisualStudioVersion = 17.5.2.0
MinimumVisualStudioVersion = 10.0.40219.1
Project("{FAE04EC0-301F-11D3-BF4B-00C04F79EFBC}") = "ejercicio_5", "ejercicio_5.csproj", "{6EB8569D-91BD-E547-167E-74EDBEBAB1EE}"
EndProject
Global
	GlobalSection(SolutionConfigurationPlatforms) = preSolution
		Debug|Any CPU = Debug|Any CPU
		Release|Any CPU = Release|Any CPU
	EndGlobalSection
	GlobalSection(ProjectConfigurationPlatforms) = postSolution
		{6EB8569D-91BD-E547-167E-74EDBEBAB1EE}.Debug|Any CPU.ActiveCfg = Debug|Any CPU
		{6EB8569D-91BD-E547-167E-74EDBEBAB1EE}.Debug|Any CPU.Build.0 = Debug|Any CPU
		{6EB8569D-91BD-E547-167E-74EDBEBAB1EE}.Release|Any CPU.ActiveCfg = Release|Any CPU
		{6EB8569D-91BD-E547-167E-74EDBEBAB1EE}.Release|Any CPU.Build.0 = Release|Any CPU
	EndGlobalSection
	GlobalSection(SolutionProperties) = preSolution
		HideSolutionNode = FALSE
	EndGlobalSection
	GlobalSection(ExtensibilityGlobals) = postSolution
		SolutionGuid = {9FE90B25-3C5B-483B-9367-4B3DE17D8BBE}
	EndGlobalSection
EndGlobal
